// !$*UTF8*$!
{
	archiveVersion = 1;
	classes = {
	};
	objectVersion = 50;
	objects = {

/* Begin PBXBuildFile section */
		737FB33026E0DD81007F8323 /* .gitignore in Resources */ = {isa = PBXBuildFile; fileRef = 737FB32F26E0DD81007F8323 /* .gitignore */; };
		7386F49026DF631D001D1701 /* AppDelegate.swift in Sources */ = {isa = PBXBuildFile; fileRef = 7386F48F26DF631D001D1701 /* AppDelegate.swift */; };
		7386F49226DF631D001D1701 /* SceneDelegate.swift in Sources */ = {isa = PBXBuildFile; fileRef = 7386F49126DF631D001D1701 /* SceneDelegate.swift */; };
		7386F49726DF631D001D1701 /* Main.storyboard in Resources */ = {isa = PBXBuildFile; fileRef = 7386F49526DF631D001D1701 /* Main.storyboard */; };
		7386F49926DF631E001D1701 /* Assets.xcassets in Resources */ = {isa = PBXBuildFile; fileRef = 7386F49826DF631E001D1701 /* Assets.xcassets */; };
		7386F49C26DF631E001D1701 /* LaunchScreen.storyboard in Resources */ = {isa = PBXBuildFile; fileRef = 7386F49A26DF631E001D1701 /* LaunchScreen.storyboard */; };
		73FAD6772710113F0006D02F /* HomeViewController.swift in Sources */ = {isa = PBXBuildFile; fileRef = 73FAD6762710113F0006D02F /* HomeViewController.swift */; };
		73FAD679271011610006D02F /* MainViewController.swift in Sources */ = {isa = PBXBuildFile; fileRef = 73FAD678271011610006D02F /* MainViewController.swift */; };
		73FAD67B271011730006D02F /* ConfigureViewController.swift in Sources */ = {isa = PBXBuildFile; fileRef = 73FAD67A271011730006D02F /* ConfigureViewController.swift */; };
/* End PBXBuildFile section */

/* Begin PBXFileReference section */
		737FB32F26E0DD81007F8323 /* .gitignore */ = {isa = PBXFileReference; lastKnownFileType = text; path = .gitignore; sourceTree = "<group>"; };
		7386F48C26DF631D001D1701 /* WUPTB.app */ = {isa = PBXFileReference; explicitFileType = wrapper.application; includeInIndex = 0; path = WUPTB.app; sourceTree = BUILT_PRODUCTS_DIR; };
		7386F48F26DF631D001D1701 /* AppDelegate.swift */ = {isa = PBXFileReference; lastKnownFileType = sourcecode.swift; path = AppDelegate.swift; sourceTree = "<group>"; };
		7386F49126DF631D001D1701 /* SceneDelegate.swift */ = {isa = PBXFileReference; lastKnownFileType = sourcecode.swift; path = SceneDelegate.swift; sourceTree = "<group>"; };
		7386F49626DF631D001D1701 /* Base */ = {isa = PBXFileReference; lastKnownFileType = file.storyboard; name = Base; path = Base.lproj/Main.storyboard; sourceTree = "<group>"; };
		7386F49826DF631E001D1701 /* Assets.xcassets */ = {isa = PBXFileReference; lastKnownFileType = folder.assetcatalog; path = Assets.xcassets; sourceTree = "<group>"; };
		7386F49B26DF631E001D1701 /* Base */ = {isa = PBXFileReference; lastKnownFileType = file.storyboard; name = Base; path = Base.lproj/LaunchScreen.storyboard; sourceTree = "<group>"; };
		7386F49D26DF631E001D1701 /* Info.plist */ = {isa = PBXFileReference; lastKnownFileType = text.plist.xml; path = Info.plist; sourceTree = "<group>"; };
		73FAD6762710113F0006D02F /* HomeViewController.swift */ = {isa = PBXFileReference; lastKnownFileType = sourcecode.swift; path = HomeViewController.swift; sourceTree = "<group>"; };
		73FAD678271011610006D02F /* MainViewController.swift */ = {isa = PBXFileReference; lastKnownFileType = sourcecode.swift; path = MainViewController.swift; sourceTree = "<group>"; };
		73FAD67A271011730006D02F /* ConfigureViewController.swift */ = {isa = PBXFileReference; lastKnownFileType = sourcecode.swift; path = ConfigureViewController.swift; sourceTree = "<group>"; };
/* End PBXFileReference section */

/* Begin PBXFrameworksBuildPhase section */
		7386F48926DF631D001D1701 /* Frameworks */ = {
			isa = PBXFrameworksBuildPhase;
			buildActionMask = 2147483647;
			files = (
			);
			runOnlyForDeploymentPostprocessing = 0;
		};
/* End PBXFrameworksBuildPhase section */

/* Begin PBXGroup section */
		7386F48326DF631D001D1701 = {
			isa = PBXGroup;
			children = (
				737FB32F26E0DD81007F8323 /* .gitignore */,
				7386F48E26DF631D001D1701 /* WUPTB */,
				7386F48D26DF631D001D1701 /* Products */,
			);
			sourceTree = "<group>";
		};
		7386F48D26DF631D001D1701 /* Products */ = {
			isa = PBXGroup;
			children = (
				7386F48C26DF631D001D1701 /* WUPTB.app */,
			);
			name = Products;
			sourceTree = "<group>";
		};
		7386F48E26DF631D001D1701 /* WUPTB */ = {
			isa = PBXGroup;
			children = (
				7386F48F26DF631D001D1701 /* AppDelegate.swift */,
				7386F49126DF631D001D1701 /* SceneDelegate.swift */,
				7386F49526DF631D001D1701 /* Main.storyboard */,
				73FAD6762710113F0006D02F /* HomeViewController.swift */,
				73FAD678271011610006D02F /* MainViewController.swift */,
				73FAD67A271011730006D02F /* ConfigureViewController.swift */,
				7386F49826DF631E001D1701 /* Assets.xcassets */,
				7386F49A26DF631E001D1701 /* LaunchScreen.storyboard */,
				7386F49D26DF631E001D1701 /* Info.plist */,
			);
			path = WUPTB;
			sourceTree = "<group>";
		};
/* End PBXGroup section */

/* Begin PBXNativeTarget section */
		7386F48B26DF631D001D1701 /* WUPTB */ = {
			isa = PBXNativeTarget;
			buildConfigurationList = 7386F4A026DF631E001D1701 /* Build configuration list for PBXNativeTarget "WUPTB" */;
			buildPhases = (
				7386F48826DF631D001D1701 /* Sources */,
				7386F48926DF631D001D1701 /* Frameworks */,
				7386F48A26DF631D001D1701 /* Resources */,
			);
			buildRules = (
			);
			dependencies = (
			);
			name = WUPTB;
			productName = WUPTB;
			productReference = 7386F48C26DF631D001D1701 /* WUPTB.app */;
			productType = "com.apple.product-type.application";
		};
/* End PBXNativeTarget section */

/* Begin PBXProject section */
		7386F48426DF631D001D1701 /* Project object */ = {
			isa = PBXProject;
			attributes = {
				LastSwiftUpdateCheck = 1250;
				LastUpgradeCheck = 1250;
				TargetAttributes = {
					7386F48B26DF631D001D1701 = {
						CreatedOnToolsVersion = 12.5.1;
					};
				};
			};
			buildConfigurationList = 7386F48726DF631D001D1701 /* Build configuration list for PBXProject "WUPTB" */;
			compatibilityVersion = "Xcode 9.3";
			developmentRegion = en;
			hasScannedForEncodings = 0;
			knownRegions = (
				en,
				Base,
			);
			mainGroup = 7386F48326DF631D001D1701;
			productRefGroup = 7386F48D26DF631D001D1701 /* Products */;
			projectDirPath = "";
			projectRoot = "";
			targets = (
				7386F48B26DF631D001D1701 /* WUPTB */,
			);
		};
/* End PBXProject section */

/* Begin PBXResourcesBuildPhase section */
		7386F48A26DF631D001D1701 /* Resources */ = {
			isa = PBXResourcesBuildPhase;
			buildActionMask = 2147483647;
			files = (
				7386F49C26DF631E001D1701 /* LaunchScreen.storyboard in Resources */,
				7386F49926DF631E001D1701 /* Assets.xcassets in Resources */,
				737FB33026E0DD81007F8323 /* .gitignore in Resources */,
				7386F49726DF631D001D1701 /* Main.storyboard in Resources */,
			);
			runOnlyForDeploymentPostprocessing = 0;
		};
/* End PBXResourcesBuildPhase section */

/* Begin PBXSourcesBuildPhase section */
		7386F48826DF631D001D1701 /* Sources */ = {
			isa = PBXSourcesBuildPhase;
			buildActionMask = 2147483647;
			files = (
				7386F49026DF631D001D1701 /* AppDelegate.swift in Sources */,
				73FAD67B271011730006D02F /* ConfigureViewController.swift in Sources */,
				7386F49226DF631D001D1701 /* SceneDelegate.swift in Sources */,
				73FAD6772710113F0006D02F /* HomeViewController.swift in Sources */,
				73FAD679271011610006D02F /* MainViewController.swift in Sources */,
			);
			runOnlyForDeploymentPostprocessing = 0;
		};
/* End PBXSourcesBuildPhase section */

/* Begin PBXVariantGroup section */
		7386F49526DF631D001D1701 /* Main.storyboard */ = {
			isa = PBXVariantGroup;
			children = (
				7386F49626DF631D001D1701 /* Base */,
			);
			name = Main.storyboard;
			sourceTree = "<group>";
		};
		7386F49A26DF631E001D1701 /* LaunchScreen.storyboard */ = {
			isa = PBXVariantGroup;
			children = (
				7386F49B26DF631E001D1701 /* Base */,
			);
			name = LaunchScreen.storyboard;
			sourceTree = "<group>";
		};
/* End PBXVariantGroup section */

/* Begin XCBuildConfiguration section */
		7386F49E26DF631E001D1701 /* Debug */ = {
			isa = XCBuildConfiguration;
			buildSettings = {
				ALWAYS_SEARCH_USER_PATHS = NO;
				CLANG_ANALYZER_NONNULL = YES;
				CLANG_ANALYZER_NUMBER_OBJECT_CONVERSION = YES_AGGRESSIVE;
				CLANG_CXX_LANGUAGE_STANDARD = "gnu++14";
				CLANG_CXX_LIBRARY = "libc++";
				CLANG_ENABLE_MODULES = YES;
				CLANG_ENABLE_OBJC_ARC = YES;
				CLANG_ENABLE_OBJC_WEAK = YES;
				CLANG_WARN_BLOCK_CAPTURE_AUTORELEASING = YES;
				CLANG_WARN_BOOL_CONVERSION = YES;
				CLANG_WARN_COMMA = YES;
				CLANG_WARN_CONSTANT_CONVERSION = YES;
				CLANG_WARN_DEPRECATED_OBJC_IMPLEMENTATIONS = YES;
				CLANG_WARN_DIRECT_OBJC_ISA_USAGE = YES_ERROR;
				CLANG_WARN_DOCUMENTATION_COMMENTS = YES;
				CLANG_WARN_EMPTY_BODY = YES;
				CLANG_WARN_ENUM_CONVERSION = YES;
				CLANG_WARN_INFINITE_RECURSION = YES;
				CLANG_WARN_INT_CONVERSION = YES;
				CLANG_WARN_NON_LITERAL_NULL_CONVERSION = YES;
				CLANG_WARN_OBJC_IMPLICIT_RETAIN_SELF = YES;
				CLANG_WARN_OBJC_LITERAL_CONVERSION = YES;
				CLANG_WARN_OBJC_ROOT_CLASS = YES_ERROR;
				CLANG_WARN_QUOTED_INCLUDE_IN_FRAMEWORK_HEADER = YES;
				CLANG_WARN_RANGE_LOOP_ANALYSIS = YES;
				CLANG_WARN_STRICT_PROTOTYPES = YES;
				CLANG_WARN_SUSPICIOUS_MOVE = YES;
				CLANG_WARN_UNGUARDED_AVAILABILITY = YES_AGGRESSIVE;
				CLANG_WARN_UNREACHABLE_CODE = YES;
				CLANG_WARN__DUPLICATE_METHOD_MATCH = YES;
				COPY_PHASE_STRIP = NO;
				DEBUG_INFORMATION_FORMAT = dwarf;
				ENABLE_STRICT_OBJC_MSGSEND = YES;
				ENABLE_TESTABILITY = YES;
				GCC_C_LANGUAGE_STANDARD = gnu11;
				GCC_DYNAMIC_NO_PIC = NO;
				GCC_NO_COMMON_BLOCKS = YES;
				GCC_OPTIMIZATION_LEVEL = 0;
				GCC_PREPROCESSOR_DEFINITIONS = (
					"DEBUG=1",
					"$(inherited)",
				);
				GCC_WARN_64_TO_32_BIT_CONVERSION = YES;
				GCC_WARN_ABOUT_RETURN_TYPE = YES_ERROR;
				GCC_WARN_UNDECLARED_SELECTOR = YES;
				GCC_WARN_UNINITIALIZED_AUTOS = YES_AGGRESSIVE;
				GCC_WARN_UNUSED_FUNCTION = YES;
				GCC_WARN_UNUSED_VARIABLE = YES;
				IPHONEOS_DEPLOYMENT_TARGET = 14.5;
				MTL_ENABLE_DEBUG_INFO = INCLUDE_SOURCE;
				MTL_FAST_MATH = YES;
				ONLY_ACTIVE_ARCH = YES;
				SDKROOT = iphoneos;
				SWIFT_ACTIVE_COMPILATION_CONDITIONS = DEBUG;
				SWIFT_OPTIMIZATION_LEVEL = "-Onone";
			};
			name = Debug;
		};
		7386F49F26DF631E001D1701 /* Release */ = {
			isa = XCBuildConfiguration;
			buildSettings = {
				ALWAYS_SEARCH_USER_PATHS = NO;
				CLANG_ANALYZER_NONNULL = YES;
				CLANG_ANALYZER_NUMBER_OBJECT_CONVERSION = YES_AGGRESSIVE;
				CLANG_CXX_LANGUAGE_STANDARD = "gnu++14";
				CLANG_CXX_LIBRARY = "libc++";
				CLANG_ENABLE_MODULES = YES;
				CLANG_ENABLE_OBJC_ARC = YES;
				CLANG_ENABLE_OBJC_WEAK = YES;
				CLANG_WARN_BLOCK_CAPTURE_AUTORELEASING = YES;
				CLANG_WARN_BOOL_CONVERSION = YES;
				CLANG_WARN_COMMA = YES;
				CLANG_WARN_CONSTANT_CONVERSION = YES;
				CLANG_WARN_DEPRECATED_OBJC_IMPLEMENTATIONS = YES;
				CLANG_WARN_DIRECT_OBJC_ISA_USAGE = YES_ERROR;
				CLANG_WARN_DOCUMENTATION_COMMENTS = YES;
				CLANG_WARN_EMPTY_BODY = YES;
				CLANG_WARN_ENUM_CONVERSION = YES;
				CLANG_WARN_INFINITE_RECURSION = YES;
				CLANG_WARN_INT_CONVERSION = YES;
				CLANG_WARN_NON_LITERAL_NULL_CONVERSION = YES;
				CLANG_WARN_OBJC_IMPLICIT_RETAIN_SELF = YES;
				CLANG_WARN_OBJC_LITERAL_CONVERSION = YES;
				CLANG_WARN_OBJC_ROOT_CLASS = YES_ERROR;
				CLANG_WARN_QUOTED_INCLUDE_IN_FRAMEWORK_HEADER = YES;
				CLANG_WARN_RANGE_LOOP_ANALYSIS = YES;
				CLANG_WARN_STRICT_PROTOTYPES = YES;
				CLANG_WARN_SUSPICIOUS_MOVE = YES;
				CLANG_WARN_UNGUARDED_AVAILABILITY = YES_AGGRESSIVE;
				CLANG_WARN_UNREACHABLE_CODE = YES;
				CLANG_WARN__DUPLICATE_METHOD_MATCH = YES;
				COPY_PHASE_STRIP = NO;
				DEBUG_INFORMATION_FORMAT = "dwarf-with-dsym";
				ENABLE_NS_ASSERTIONS = NO;
				ENABLE_STRICT_OBJC_MSGSEND = YES;
				GCC_C_LANGUAGE_STANDARD = gnu11;
				GCC_NO_COMMON_BLOCKS = YES;
				GCC_WARN_64_TO_32_BIT_CONVERSION = YES;
				GCC_WARN_ABOUT_RETURN_TYPE = YES_ERROR;
				GCC_WARN_UNDECLARED_SELECTOR = YES;
				GCC_WARN_UNINITIALIZED_AUTOS = YES_AGGRESSIVE;
				GCC_WARN_UNUSED_FUNCTION = YES;
				GCC_WARN_UNUSED_VARIABLE = YES;
				IPHONEOS_DEPLOYMENT_TARGET = 14.5;
				MTL_ENABLE_DEBUG_INFO = NO;
				MTL_FAST_MATH = YES;
				SDKROOT = iphoneos;
				SWIFT_COMPILATION_MODE = wholemodule;
				SWIFT_OPTIMIZATION_LEVEL = "-O";
				VALIDATE_PRODUCT = YES;
			};
			name = Release;
		};
		7386F4A126DF631E001D1701 /* Debug */ = {
			isa = XCBuildConfiguration;
			buildSettings = {
				ASSETCATALOG_COMPILER_APPICON_NAME = AppIcon;
				ASSETCATALOG_COMPILER_GLOBAL_ACCENT_COLOR_NAME = AccentColor;
				CODE_SIGN_STYLE = Automatic;
				INFOPLIST_FILE = WUPTB/Info.plist;
				LD_RUNPATH_SEARCH_PATHS = (
					"$(inherited)",
					"@executable_path/Frameworks",
				);
				PRODUCT_BUNDLE_IDENTIFIER = com.moons.WUPTB;
				PRODUCT_NAME = "$(TARGET_NAME)";
				SWIFT_VERSION = 5.0;
				TARGETED_DEVICE_FAMILY = 1;
			};
			name = Debug;
		};
		7386F4A226DF631E001D1701 /* Release */ = {
			isa = XCBuildConfiguration;
			buildSettings = {
				ASSETCATALOG_COMPILER_APPICON_NAME = AppIcon;
				ASSETCATALOG_COMPILER_GLOBAL_ACCENT_COLOR_NAME = AccentColor;
				CODE_SIGN_STYLE = Automatic;
				INFOPLIST_FILE = WUPTB/Info.plist;
				LD_RUNPATH_SEARCH_PATHS = (
					"$(inherited)",
					"@executable_path/Frameworks",
				);
				PRODUCT_BUNDLE_IDENTIFIER = com.moons.WUPTB;
				PRODUCT_NAME = "$(TARGET_NAME)";
				SWIFT_VERSION = 5.0;
				TARGETED_DEVICE_FAMILY = 1;
			};
			name = Release;
		};
/* End XCBuildConfiguration section */

/* Begin XCConfigurationList section */
		7386F48726DF631D001D1701 /* Build configuration list for PBXProject "WUPTB" */ = {
			isa = XCConfigurationList;
			buildConfigurations = (
				7386F49E26DF631E001D1701 /* Debug */,
				7386F49F26DF631E001D1701 /* Release */,
			);
			defaultConfigurationIsVisible = 0;
			defaultConfigurationName = Release;
		};
		7386F4A026DF631E001D1701 /* Build configuration list for PBXNativeTarget "WUPTB" */ = {
			isa = XCConfigurationList;
			buildConfigurations = (
				7386F4A126DF631E001D1701 /* Debug */,
				7386F4A226DF631E001D1701 /* Release */,
			);
			defaultConfigurationIsVisible = 0;
			defaultConfigurationName = Release;
		};
/* End XCConfigurationList section */
	};
	rootObject = 7386F48426DF631D001D1701 /* Project object */;
}
